
Microsoft Visual Studio Solution File, Format Version 12.00
# Visual Studio 15
VisualStudioVersion = 15.0.28010.2026
MinimumVisualStudioVersion = 10.0.40219.1
Project("{FAE04EC0-301F-11D3-BF4B-00C04F79EFBC}") = "CsharpExamples", "CsharpExamples\CsharpExamples.csproj", "{7970C1EF-7746-4555-B506-663A7C27F9CD}"
EndProject
Project("{FAE04EC0-301F-11D3-BF4B-00C04F79EFBC}") = "UsingControls_20_5", "UsingControls_20_5\UsingControls_20_5.csproj", "{26C12D1F-5BA6-4B26-AC6B-749FFE5812D0}"
EndProject
Project("{FAE04EC0-301F-11D3-BF4B-00C04F79EFBC}") = "AsyncFileOWinForm_20_6", "AsyncFileOWinForm_20_6\AsyncFileOWinForm_20_6.csproj", "{0C49B697-E690-4CCB-895E-6C423CFAC762}"
EndProject
Project("{FAE04EC0-301F-11D3-BF4B-00C04F79EFBC}") = "FUP_21_3", "FUP_21_3\FUP_21_3.csproj", "{C6BEC37C-767B-4876-999F-56029B871DB7}"
EndProject
Global
	GlobalSection(SolutionConfigurationPlatforms) = preSolution
		Debug|Any CPU = Debug|Any CPU
		Release|Any CPU = Release|Any CPU
	EndGlobalSection
	GlobalSection(ProjectConfigurationPlatforms) = postSolution
		{7970C1EF-7746-4555-B506-663A7C27F9CD}.Debug|Any CPU.ActiveCfg = Debug|Any CPU
		{7970C1EF-7746-4555-B506-663A7C27F9CD}.Debug|Any CPU.Build.0 = Debug|Any CPU
		{7970C1EF-7746-4555-B506-663A7C27F9CD}.Release|Any CPU.ActiveCfg = Release|Any CPU
		{7970C1EF-7746-4555-B506-663A7C27F9CD}.Release|Any CPU.Build.0 = Release|Any CPU
		{26C12D1F-5BA6-4B26-AC6B-749FFE5812D0}.Debug|Any CPU.ActiveCfg = Debug|Any CPU
		{26C12D1F-5BA6-4B26-AC6B-749FFE5812D0}.Debug|Any CPU.Build.0 = Debug|Any CPU
		{26C12D1F-5BA6-4B26-AC6B-749FFE5812D0}.Release|Any CPU.ActiveCfg = Release|Any CPU
		{26C12D1F-5BA6-4B26-AC6B-749FFE5812D0}.Release|Any CPU.Build.0 = Release|Any CPU
		{0C49B697-E690-4CCB-895E-6C423CFAC762}.Debug|Any CPU.ActiveCfg = Debug|Any CPU
		{0C49B697-E690-4CCB-895E-6C423CFAC762}.Debug|Any CPU.Build.0 = Debug|Any CPU
		{0C49B697-E690-4CCB-895E-6C423CFAC762}.Release|Any CPU.ActiveCfg = Release|Any CPU
		{0C49B697-E690-4CCB-895E-6C423CFAC762}.Release|Any CPU.Build.0 = Release|Any CPU
		{C6BEC37C-767B-4876-999F-56029B871DB7}.Debug|Any CPU.ActiveCfg = Debug|Any CPU
		{C6BEC37C-767B-4876-999F-56029B871DB7}.Debug|Any CPU.Build.0 = Debug|Any CPU
		{C6BEC37C-767B-4876-999F-56029B871DB7}.Release|Any CPU.ActiveCfg = Release|Any CPU
		{C6BEC37C-767B-4876-999F-56029B871DB7}.Release|Any CPU.Build.0 = Release|Any CPU
	EndGlobalSection
	GlobalSection(SolutionProperties) = preSolution
		HideSolutionNode = FALSE
	EndGlobalSection
	GlobalSection(ExtensibilityGlobals) = postSolution
		SolutionGuid = {2A392372-5E23-4C8E-8868-3DE9E7B99663}
	EndGlobalSection
EndGlobal
